
Microsoft Visual Studio Solution File, Format Version 12.00
Project("{FAE04EC0-301F-11D3-BF4B-00C04F79EFBC}") = "Majorsilence.Testing.WinformsFuzzer", "Majorsilence.Testing.WinformsFuzzer\Majorsilence.Testing.WinformsFuzzer.csproj", "{26F9CD10-466C-4775-A60D-96EB79C8ACDB}"
EndProject
Global
	GlobalSection(SolutionConfigurationPlatforms) = preSolution
		Debug|Any CPU = Debug|Any CPU
		Release|Any CPU = Release|Any CPU
	EndGlobalSection
	GlobalSection(ProjectConfigurationPlatforms) = postSolution
		{26F9CD10-466C-4775-A60D-96EB79C8ACDB}.Debug|Any CPU.ActiveCfg = Debug|Any CPU
		{26F9CD10-466C-4775-A60D-96EB79C8ACDB}.Debug|Any CPU.Build.0 = Debug|Any CPU
		{26F9CD10-466C-4775-A60D-96EB79C8ACDB}.Release|Any CPU.ActiveCfg = Release|Any CPU
		{26F9CD10-466C-4775-A60D-96EB79C8ACDB}.Release|Any CPU.Build.0 = Release|Any CPU
	EndGlobalSection
EndGlobal
